// !$*UTF8*$!
{
	archiveVersion = 1;
	classes = {
	};
	objectVersion = 56;
	objects = {

/* Begin PBXBuildFile section */
		1A12D2CB2B87C06600639258 /* Libiguana in Frameworks */ = {isa = PBXBuildFile; productRef = 1A12D2CA2B87C06600639258 /* Libiguana */; };
		1A2741712B9F406700E563AE /* KmdparseWord+hex.swift in Sources */ = {isa = PBXBuildFile; fileRef = 1A2741702B9F406700E563AE /* KmdparseWord+hex.swift */; };
		1A2741732B9F4A5900E563AE /* KmdparseWord+string.swift in Sources */ = {isa = PBXBuildFile; fileRef = 1A2741722B9F4A5900E563AE /* KmdparseWord+string.swift */; };
		1A401C252AE81994003EB398 /* MacIguanaApp.swift in Sources */ = {isa = PBXBuildFile; fileRef = 1A401C242AE81994003EB398 /* MacIguanaApp.swift */; };
		1A401C272AE81994003EB398 /* ContentView.swift in Sources */ = {isa = PBXBuildFile; fileRef = 1A401C262AE81994003EB398 /* ContentView.swift */; };
		1A401C292AE81995003EB398 /* Assets.xcassets in Resources */ = {isa = PBXBuildFile; fileRef = 1A401C282AE81995003EB398 /* Assets.xcassets */; };
		1A401C2C2AE81995003EB398 /* Preview Assets.xcassets in Resources */ = {isa = PBXBuildFile; fileRef = 1A401C2B2AE81995003EB398 /* Preview Assets.xcassets */; };
		1A480F7E2BA9FEAB0016A17D /* AssemblyLoader.swift in Sources */ = {isa = PBXBuildFile; fileRef = 1A480F7D2BA9FEAB0016A17D /* AssemblyLoader.swift */; };
		1A67BDFE2BB73ACC00868933 /* SwiftTerm in Frameworks */ = {isa = PBXBuildFile; productRef = 1A67BDFD2BB73ACC00868933 /* SwiftTerm */; };
		1A67BE002BB73F0400868933 /* JimulatorTerminalAdapter.swift in Sources */ = {isa = PBXBuildFile; fileRef = 1A67BDFF2BB73F0400868933 /* JimulatorTerminalAdapter.swift */; };
		1A6D60F42BB8A5530077C04D /* LibiguanaError+LocalizedError.swift in Sources */ = {isa = PBXBuildFile; fileRef = 1A6D60F32BB8A5530077C04D /* LibiguanaError+LocalizedError.swift */; };
		1A742BA72B979F5900BFB27A /* BoardStatePane.swift in Sources */ = {isa = PBXBuildFile; fileRef = 1A742BA62B979F5900BFB27A /* BoardStatePane.swift */; };
		1A742BA92B97A06D00BFB27A /* Status+CustomStringConvertible.swift in Sources */ = {isa = PBXBuildFile; fileRef = 1A742BA82B97A06D00BFB27A /* Status+CustomStringConvertible.swift */; };
		1A7596EA2B1E6271001D46AF /* RegisterView.swift in Sources */ = {isa = PBXBuildFile; fileRef = 1A7596E92B1E6271001D46AF /* RegisterView.swift */; };
		1A7596EC2B1E62FD001D46AF /* DisassemblyView.swift in Sources */ = {isa = PBXBuildFile; fileRef = 1A7596EB2B1E62FD001D46AF /* DisassemblyView.swift */; };
		1A7A77072B1E6F9000DB6035 /* ConsoleView.swift in Sources */ = {isa = PBXBuildFile; fileRef = 1A7A77062B1E6F9000DB6035 /* ConsoleView.swift */; };
		1A84188A2B9F1BF8006CC42C /* Libiguana in Frameworks */ = {isa = PBXBuildFile; productRef = 1A8418892B9F1BF8006CC42C /* Libiguana */; };
		1A84188D2B9F1C59006CC42C /* Libiguana in Frameworks */ = {isa = PBXBuildFile; productRef = 1A84188C2B9F1C59006CC42C /* Libiguana */; };
		1A8C63432BB9D87200FD8AAB /* UInt8+JimulatorConvert.swift in Sources */ = {isa = PBXBuildFile; fileRef = 1A8C63422BB9D87200FD8AAB /* UInt8+JimulatorConvert.swift */; };
		1A948C372B880EF3001515F0 /* Registers+list.swift in Sources */ = {isa = PBXBuildFile; fileRef = 1A948C362B880EF3001515F0 /* Registers+list.swift */; };
		1A948C392B881170001515F0 /* ListRegister.swift in Sources */ = {isa = PBXBuildFile; fileRef = 1A948C382B881170001515F0 /* ListRegister.swift */; };
		1AB33E462B9698F3007468AA /* Registers+zero.swift in Sources */ = {isa = PBXBuildFile; fileRef = 1AB33E452B9698F3007468AA /* Registers+zero.swift */; };
		1AE0B2702BA4AE450053686F /* KomodoDocument.swift in Sources */ = {isa = PBXBuildFile; fileRef = 1AE0B26F2BA4AE450053686F /* KomodoDocument.swift */; };
		1AFCEA842B86219C000FE4C1 /* Libiguana in Frameworks */ = {isa = PBXBuildFile; productRef = 1AFCEA832B86219C000FE4C1 /* Libiguana */; };
		1AFCEA872B86235D000FE4C1 /* Libiguana in Frameworks */ = {isa = PBXBuildFile; productRef = 1AFCEA862B86235D000FE4C1 /* Libiguana */; };
		1AFCEA8A2B86264C000FE4C1 /* SwiftIguanaEnvironment.swift in Sources */ = {isa = PBXBuildFile; fileRef = 1AFCEA892B86264C000FE4C1 /* SwiftIguanaEnvironment.swift */; };
		1AFCEA8D2B86292A000FE4C1 /* Libiguana in Frameworks */ = {isa = PBXBuildFile; productRef = 1AFCEA8C2B86292A000FE4C1 /* Libiguana */; };
		1AFCEA902B862966000FE4C1 /* Libiguana in Frameworks */ = {isa = PBXBuildFile; productRef = 1AFCEA8F2B862966000FE4C1 /* Libiguana */; };
/* End PBXBuildFile section */

/* Begin PBXFileReference section */
		1A2741702B9F406700E563AE /* KmdparseWord+hex.swift */ = {isa = PBXFileReference; lastKnownFileType = sourcecode.swift; path = "KmdparseWord+hex.swift"; sourceTree = "<group>"; };
		1A2741722B9F4A5900E563AE /* KmdparseWord+string.swift */ = {isa = PBXFileReference; lastKnownFileType = sourcecode.swift; path = "KmdparseWord+string.swift"; sourceTree = "<group>"; };
		1A401C212AE81994003EB398 /* MacIguana.app */ = {isa = PBXFileReference; explicitFileType = wrapper.application; includeInIndex = 0; path = MacIguana.app; sourceTree = BUILT_PRODUCTS_DIR; };
		1A401C242AE81994003EB398 /* MacIguanaApp.swift */ = {isa = PBXFileReference; lastKnownFileType = sourcecode.swift; path = MacIguanaApp.swift; sourceTree = "<group>"; };
		1A401C262AE81994003EB398 /* ContentView.swift */ = {isa = PBXFileReference; lastKnownFileType = sourcecode.swift; path = ContentView.swift; sourceTree = "<group>"; };
		1A401C282AE81995003EB398 /* Assets.xcassets */ = {isa = PBXFileReference; lastKnownFileType = folder.assetcatalog; path = Assets.xcassets; sourceTree = "<group>"; };
		1A401C2B2AE81995003EB398 /* Preview Assets.xcassets */ = {isa = PBXFileReference; lastKnownFileType = folder.assetcatalog; path = "Preview Assets.xcassets"; sourceTree = "<group>"; };
		1A401C2D2AE81995003EB398 /* MacIguana.entitlements */ = {isa = PBXFileReference; lastKnownFileType = text.plist.entitlements; path = MacIguana.entitlements; sourceTree = "<group>"; };
		1A480F7D2BA9FEAB0016A17D /* AssemblyLoader.swift */ = {isa = PBXFileReference; lastKnownFileType = sourcecode.swift; path = AssemblyLoader.swift; sourceTree = "<group>"; };
		1A67BDFF2BB73F0400868933 /* JimulatorTerminalAdapter.swift */ = {isa = PBXFileReference; lastKnownFileType = sourcecode.swift; path = JimulatorTerminalAdapter.swift; sourceTree = "<group>"; };
		1A6D60F32BB8A5530077C04D /* LibiguanaError+LocalizedError.swift */ = {isa = PBXFileReference; lastKnownFileType = sourcecode.swift; path = "LibiguanaError+LocalizedError.swift"; sourceTree = "<group>"; };
		1A742BA62B979F5900BFB27A /* BoardStatePane.swift */ = {isa = PBXFileReference; lastKnownFileType = sourcecode.swift; path = BoardStatePane.swift; sourceTree = "<group>"; };
		1A742BA82B97A06D00BFB27A /* Status+CustomStringConvertible.swift */ = {isa = PBXFileReference; lastKnownFileType = sourcecode.swift; path = "Status+CustomStringConvertible.swift"; sourceTree = "<group>"; };
		1A7596E92B1E6271001D46AF /* RegisterView.swift */ = {isa = PBXFileReference; lastKnownFileType = sourcecode.swift; path = RegisterView.swift; sourceTree = "<group>"; };
		1A7596EB2B1E62FD001D46AF /* DisassemblyView.swift */ = {isa = PBXFileReference; lastKnownFileType = sourcecode.swift; path = DisassemblyView.swift; sourceTree = "<group>"; };
		1A7A77062B1E6F9000DB6035 /* ConsoleView.swift */ = {isa = PBXFileReference; lastKnownFileType = sourcecode.swift; path = ConsoleView.swift; sourceTree = "<group>"; };
		1A8C63422BB9D87200FD8AAB /* UInt8+JimulatorConvert.swift */ = {isa = PBXFileReference; lastKnownFileType = sourcecode.swift; path = "UInt8+JimulatorConvert.swift"; sourceTree = "<group>"; };
		1A948C362B880EF3001515F0 /* Registers+list.swift */ = {isa = PBXFileReference; lastKnownFileType = sourcecode.swift; path = "Registers+list.swift"; sourceTree = "<group>"; };
		1A948C382B881170001515F0 /* ListRegister.swift */ = {isa = PBXFileReference; lastKnownFileType = sourcecode.swift; path = ListRegister.swift; sourceTree = "<group>"; };
		1AB33E452B9698F3007468AA /* Registers+zero.swift */ = {isa = PBXFileReference; lastKnownFileType = sourcecode.swift; path = "Registers+zero.swift"; sourceTree = "<group>"; };
		1AE0B26F2BA4AE450053686F /* KomodoDocument.swift */ = {isa = PBXFileReference; lastKnownFileType = sourcecode.swift; path = KomodoDocument.swift; sourceTree = "<group>"; };
		1AE0B2712BA4AF890053686F /* Info.plist */ = {isa = PBXFileReference; lastKnownFileType = text.plist; path = Info.plist; sourceTree = "<group>"; };
		1AFCEA892B86264C000FE4C1 /* SwiftIguanaEnvironment.swift */ = {isa = PBXFileReference; lastKnownFileType = sourcecode.swift; path = SwiftIguanaEnvironment.swift; sourceTree = "<group>"; };
/* End PBXFileReference section */

/* Begin PBXFrameworksBuildPhase section */
		1A401C1E2AE81994003EB398 /* Frameworks */ = {
			isa = PBXFrameworksBuildPhase;
			buildActionMask = 2147483647;
			files = (
				1AFCEA8D2B86292A000FE4C1 /* Libiguana in Frameworks */,
				1AFCEA902B862966000FE4C1 /* Libiguana in Frameworks */,
				1AFCEA842B86219C000FE4C1 /* Libiguana in Frameworks */,
				1A84188D2B9F1C59006CC42C /* Libiguana in Frameworks */,
				1A84188A2B9F1BF8006CC42C /* Libiguana in Frameworks */,
				1AFCEA872B86235D000FE4C1 /* Libiguana in Frameworks */,
				1A67BDFE2BB73ACC00868933 /* SwiftTerm in Frameworks */,
				1A12D2CB2B87C06600639258 /* Libiguana in Frameworks */,
			);
			runOnlyForDeploymentPostprocessing = 0;
		};
/* End PBXFrameworksBuildPhase section */

/* Begin PBXGroup section */
		1A401C182AE81994003EB398 = {
			isa = PBXGroup;
			children = (
				1A401C232AE81994003EB398 /* MacIguana */,
				1A401C222AE81994003EB398 /* Products */,
			);
			sourceTree = "<group>";
		};
		1A401C222AE81994003EB398 /* Products */ = {
			isa = PBXGroup;
			children = (
				1A401C212AE81994003EB398 /* MacIguana.app */,
			);
			name = Products;
			sourceTree = "<group>";
		};
		1A401C232AE81994003EB398 /* MacIguana */ = {
			isa = PBXGroup;
			children = (
				1AE0B2712BA4AF890053686F /* Info.plist */,
				1A948C352B880EDF001515F0 /* Extensions */,
				1AFCEA882B862641000FE4C1 /* Models */,
				1A5391DD2BBB0AF5003CBD84 /* Views */,
				1A401C282AE81995003EB398 /* Assets.xcassets */,
				1A401C2D2AE81995003EB398 /* MacIguana.entitlements */,
				1A401C242AE81994003EB398 /* MacIguanaApp.swift */,
				1A401C2A2AE81995003EB398 /* Preview Content */,
			);
			path = MacIguana;
			sourceTree = "<group>";
		};
		1A401C2A2AE81995003EB398 /* Preview Content */ = {
			isa = PBXGroup;
			children = (
				1A401C2B2AE81995003EB398 /* Preview Assets.xcassets */,
			);
			path = "Preview Content";
			sourceTree = "<group>";
		};
		1A5391DD2BBB0AF5003CBD84 /* Views */ = {
			isa = PBXGroup;
			children = (
				1A480F7D2BA9FEAB0016A17D /* AssemblyLoader.swift */,
				1A742BA62B979F5900BFB27A /* BoardStatePane.swift */,
				1A7A77062B1E6F9000DB6035 /* ConsoleView.swift */,
				1A401C262AE81994003EB398 /* ContentView.swift */,
				1A7596EB2B1E62FD001D46AF /* DisassemblyView.swift */,
				1A67BDFF2BB73F0400868933 /* JimulatorTerminalAdapter.swift */,
				1A7596E92B1E6271001D46AF /* RegisterView.swift */,
			);
			path = Views;
			sourceTree = "<group>";
		};
		1A948C352B880EDF001515F0 /* Extensions */ = {
			isa = PBXGroup;
			children = (
				1A948C362B880EF3001515F0 /* Registers+list.swift */,
				1AB33E452B9698F3007468AA /* Registers+zero.swift */,
				1A742BA82B97A06D00BFB27A /* Status+CustomStringConvertible.swift */,
				1A2741702B9F406700E563AE /* KmdparseWord+hex.swift */,
				1A2741722B9F4A5900E563AE /* KmdparseWord+string.swift */,
				1A6D60F32BB8A5530077C04D /* LibiguanaError+LocalizedError.swift */,
				1A8C63422BB9D87200FD8AAB /* UInt8+JimulatorConvert.swift */,
			);
			path = Extensions;
			sourceTree = "<group>";
		};
		1AFCEA882B862641000FE4C1 /* Models */ = {
			isa = PBXGroup;
			children = (
				1AFCEA892B86264C000FE4C1 /* SwiftIguanaEnvironment.swift */,
				1A948C382B881170001515F0 /* ListRegister.swift */,
				1AE0B26F2BA4AE450053686F /* KomodoDocument.swift */,
			);
			path = Models;
			sourceTree = "<group>";
		};
/* End PBXGroup section */

/* Begin PBXNativeTarget section */
		1A401C202AE81994003EB398 /* MacIguana */ = {
			isa = PBXNativeTarget;
			buildConfigurationList = 1A401C302AE81995003EB398 /* Build configuration list for PBXNativeTarget "MacIguana" */;
			buildPhases = (
				1A401C1D2AE81994003EB398 /* Sources */,
				1A401C1E2AE81994003EB398 /* Frameworks */,
				1A401C1F2AE81994003EB398 /* Resources */,
			);
			buildRules = (
			);
			dependencies = (
			);
			name = MacIguana;
			packageProductDependencies = (
				1AFCEA832B86219C000FE4C1 /* Libiguana */,
				1AFCEA862B86235D000FE4C1 /* Libiguana */,
				1AFCEA8C2B86292A000FE4C1 /* Libiguana */,
				1AFCEA8F2B862966000FE4C1 /* Libiguana */,
				1A12D2CA2B87C06600639258 /* Libiguana */,
				1A8418892B9F1BF8006CC42C /* Libiguana */,
				1A84188C2B9F1C59006CC42C /* Libiguana */,
				1A67BDFD2BB73ACC00868933 /* SwiftTerm */,
			);
			productName = MacIguana;
			productReference = 1A401C212AE81994003EB398 /* MacIguana.app */;
			productType = "com.apple.product-type.application";
		};
/* End PBXNativeTarget section */

/* Begin PBXProject section */
		1A401C192AE81994003EB398 /* Project object */ = {
			isa = PBXProject;
			attributes = {
				BuildIndependentTargetsInParallel = 1;
				LastSwiftUpdateCheck = 1500;
				LastUpgradeCheck = 1500;
				TargetAttributes = {
					1A401C202AE81994003EB398 = {
						CreatedOnToolsVersion = 15.0.1;
					};
				};
			};
			buildConfigurationList = 1A401C1C2AE81994003EB398 /* Build configuration list for PBXProject "MacIguana" */;
			compatibilityVersion = "Xcode 14.0";
			developmentRegion = en;
			hasScannedForEncodings = 0;
			knownRegions = (
				en,
				Base,
			);
			mainGroup = 1A401C182AE81994003EB398;
			packageReferences = (
				1A84188B2B9F1C59006CC42C /* XCRemoteSwiftPackageReference "libiguana-swift" */,
				1A67BDFC2BB73ACC00868933 /* XCRemoteSwiftPackageReference "SwiftTerm" */,
			);
			productRefGroup = 1A401C222AE81994003EB398 /* Products */;
			projectDirPath = "";
			projectRoot = "";
			targets = (
				1A401C202AE81994003EB398 /* MacIguana */,
			);
		};
/* End PBXProject section */

/* Begin PBXResourcesBuildPhase section */
		1A401C1F2AE81994003EB398 /* Resources */ = {
			isa = PBXResourcesBuildPhase;
			buildActionMask = 2147483647;
			files = (
				1A401C2C2AE81995003EB398 /* Preview Assets.xcassets in Resources */,
				1A401C292AE81995003EB398 /* Assets.xcassets in Resources */,
			);
			runOnlyForDeploymentPostprocessing = 0;
		};
/* End PBXResourcesBuildPhase section */

/* Begin PBXSourcesBuildPhase section */
		1A401C1D2AE81994003EB398 /* Sources */ = {
			isa = PBXSourcesBuildPhase;
			buildActionMask = 2147483647;
			files = (
				1A7596EA2B1E6271001D46AF /* RegisterView.swift in Sources */,
				1A7A77072B1E6F9000DB6035 /* ConsoleView.swift in Sources */,
				1A8C63432BB9D87200FD8AAB /* UInt8+JimulatorConvert.swift in Sources */,
				1A6D60F42BB8A5530077C04D /* LibiguanaError+LocalizedError.swift in Sources */,
				1AFCEA8A2B86264C000FE4C1 /* SwiftIguanaEnvironment.swift in Sources */,
				1A401C272AE81994003EB398 /* ContentView.swift in Sources */,
				1A742BA72B979F5900BFB27A /* BoardStatePane.swift in Sources */,
				1A480F7E2BA9FEAB0016A17D /* AssemblyLoader.swift in Sources */,
				1A401C252AE81994003EB398 /* MacIguanaApp.swift in Sources */,
				1A2741712B9F406700E563AE /* KmdparseWord+hex.swift in Sources */,
				1AE0B2702BA4AE450053686F /* KomodoDocument.swift in Sources */,
				1A2741732B9F4A5900E563AE /* KmdparseWord+string.swift in Sources */,
				1A742BA92B97A06D00BFB27A /* Status+CustomStringConvertible.swift in Sources */,
				1A948C372B880EF3001515F0 /* Registers+list.swift in Sources */,
				1AB33E462B9698F3007468AA /* Registers+zero.swift in Sources */,
				1A67BE002BB73F0400868933 /* JimulatorTerminalAdapter.swift in Sources */,
				1A948C392B881170001515F0 /* ListRegister.swift in Sources */,
				1A7596EC2B1E62FD001D46AF /* DisassemblyView.swift in Sources */,
			);
			runOnlyForDeploymentPostprocessing = 0;
		};
/* End PBXSourcesBuildPhase section */

/* Begin XCBuildConfiguration section */
		1A401C2E2AE81995003EB398 /* Debug */ = {
			isa = XCBuildConfiguration;
			buildSettings = {
				ALWAYS_SEARCH_USER_PATHS = NO;
				ASSETCATALOG_COMPILER_GENERATE_SWIFT_ASSET_SYMBOL_EXTENSIONS = YES;
				CLANG_ANALYZER_NONNULL = YES;
				CLANG_ANALYZER_NUMBER_OBJECT_CONVERSION = YES_AGGRESSIVE;
				CLANG_CXX_LANGUAGE_STANDARD = "gnu++20";
				CLANG_ENABLE_MODULES = YES;
				CLANG_ENABLE_OBJC_ARC = YES;
				CLANG_ENABLE_OBJC_WEAK = YES;
				CLANG_WARN_BLOCK_CAPTURE_AUTORELEASING = YES;
				CLANG_WARN_BOOL_CONVERSION = YES;
				CLANG_WARN_COMMA = YES;
				CLANG_WARN_CONSTANT_CONVERSION = YES;
				CLANG_WARN_DEPRECATED_OBJC_IMPLEMENTATIONS = YES;
				CLANG_WARN_DIRECT_OBJC_ISA_USAGE = YES_ERROR;
				CLANG_WARN_DOCUMENTATION_COMMENTS = YES;
				CLANG_WARN_EMPTY_BODY = YES;
				CLANG_WARN_ENUM_CONVERSION = YES;
				CLANG_WARN_INFINITE_RECURSION = YES;
				CLANG_WARN_INT_CONVERSION = YES;
				CLANG_WARN_NON_LITERAL_NULL_CONVERSION = YES;
				CLANG_WARN_OBJC_IMPLICIT_RETAIN_SELF = YES;
				CLANG_WARN_OBJC_LITERAL_CONVERSION = YES;
				CLANG_WARN_OBJC_ROOT_CLASS = YES_ERROR;
				CLANG_WARN_QUOTED_INCLUDE_IN_FRAMEWORK_HEADER = YES;
				CLANG_WARN_RANGE_LOOP_ANALYSIS = YES;
				CLANG_WARN_STRICT_PROTOTYPES = YES;
				CLANG_WARN_SUSPICIOUS_MOVE = YES;
				CLANG_WARN_UNGUARDED_AVAILABILITY = YES_AGGRESSIVE;
				CLANG_WARN_UNREACHABLE_CODE = YES;
				CLANG_WARN__DUPLICATE_METHOD_MATCH = YES;
				COPY_PHASE_STRIP = NO;
				DEBUG_INFORMATION_FORMAT = dwarf;
				ENABLE_STRICT_OBJC_MSGSEND = YES;
				ENABLE_TESTABILITY = YES;
				ENABLE_USER_SCRIPT_SANDBOXING = YES;
				GCC_C_LANGUAGE_STANDARD = gnu17;
				GCC_DYNAMIC_NO_PIC = NO;
				GCC_NO_COMMON_BLOCKS = YES;
				GCC_OPTIMIZATION_LEVEL = 0;
				GCC_PREPROCESSOR_DEFINITIONS = (
					"DEBUG=1",
					"$(inherited)",
				);
				GCC_WARN_64_TO_32_BIT_CONVERSION = YES;
				GCC_WARN_ABOUT_RETURN_TYPE = YES_ERROR;
				GCC_WARN_UNDECLARED_SELECTOR = YES;
				GCC_WARN_UNINITIALIZED_AUTOS = YES_AGGRESSIVE;
				GCC_WARN_UNUSED_FUNCTION = YES;
				GCC_WARN_UNUSED_VARIABLE = YES;
				LOCALIZATION_PREFERS_STRING_CATALOGS = YES;
				MACOSX_DEPLOYMENT_TARGET = 14.0;
				MTL_ENABLE_DEBUG_INFO = INCLUDE_SOURCE;
				MTL_FAST_MATH = YES;
				ONLY_ACTIVE_ARCH = YES;
				SDKROOT = macosx;
				SWIFT_ACTIVE_COMPILATION_CONDITIONS = "DEBUG $(inherited)";
				SWIFT_OPTIMIZATION_LEVEL = "-Onone";
			};
			name = Debug;
		};
		1A401C2F2AE81995003EB398 /* Release */ = {
			isa = XCBuildConfiguration;
			buildSettings = {
				ALWAYS_SEARCH_USER_PATHS = NO;
				ASSETCATALOG_COMPILER_GENERATE_SWIFT_ASSET_SYMBOL_EXTENSIONS = YES;
				CLANG_ANALYZER_NONNULL = YES;
				CLANG_ANALYZER_NUMBER_OBJECT_CONVERSION = YES_AGGRESSIVE;
				CLANG_CXX_LANGUAGE_STANDARD = "gnu++20";
				CLANG_ENABLE_MODULES = YES;
				CLANG_ENABLE_OBJC_ARC = YES;
				CLANG_ENABLE_OBJC_WEAK = YES;
				CLANG_WARN_BLOCK_CAPTURE_AUTORELEASING = YES;
				CLANG_WARN_BOOL_CONVERSION = YES;
				CLANG_WARN_COMMA = YES;
				CLANG_WARN_CONSTANT_CONVERSION = YES;
				CLANG_WARN_DEPRECATED_OBJC_IMPLEMENTATIONS = YES;
				CLANG_WARN_DIRECT_OBJC_ISA_USAGE = YES_ERROR;
				CLANG_WARN_DOCUMENTATION_COMMENTS = YES;
				CLANG_WARN_EMPTY_BODY = YES;
				CLANG_WARN_ENUM_CONVERSION = YES;
				CLANG_WARN_INFINITE_RECURSION = YES;
				CLANG_WARN_INT_CONVERSION = YES;
				CLANG_WARN_NON_LITERAL_NULL_CONVERSION = YES;
				CLANG_WARN_OBJC_IMPLICIT_RETAIN_SELF = YES;
				CLANG_WARN_OBJC_LITERAL_CONVERSION = YES;
				CLANG_WARN_OBJC_ROOT_CLASS = YES_ERROR;
				CLANG_WARN_QUOTED_INCLUDE_IN_FRAMEWORK_HEADER = YES;
				CLANG_WARN_RANGE_LOOP_ANALYSIS = YES;
				CLANG_WARN_STRICT_PROTOTYPES = YES;
				CLANG_WARN_SUSPICIOUS_MOVE = YES;
				CLANG_WARN_UNGUARDED_AVAILABILITY = YES_AGGRESSIVE;
				CLANG_WARN_UNREACHABLE_CODE = YES;
				CLANG_WARN__DUPLICATE_METHOD_MATCH = YES;
				COPY_PHASE_STRIP = NO;
				DEBUG_INFORMATION_FORMAT = "dwarf-with-dsym";
				ENABLE_NS_ASSERTIONS = NO;
				ENABLE_STRICT_OBJC_MSGSEND = YES;
				ENABLE_USER_SCRIPT_SANDBOXING = YES;
				GCC_C_LANGUAGE_STANDARD = gnu17;
				GCC_NO_COMMON_BLOCKS = YES;
				GCC_WARN_64_TO_32_BIT_CONVERSION = YES;
				GCC_WARN_ABOUT_RETURN_TYPE = YES_ERROR;
				GCC_WARN_UNDECLARED_SELECTOR = YES;
				GCC_WARN_UNINITIALIZED_AUTOS = YES_AGGRESSIVE;
				GCC_WARN_UNUSED_FUNCTION = YES;
				GCC_WARN_UNUSED_VARIABLE = YES;
				LOCALIZATION_PREFERS_STRING_CATALOGS = YES;
				MACOSX_DEPLOYMENT_TARGET = 14.0;
				MTL_ENABLE_DEBUG_INFO = NO;
				MTL_FAST_MATH = YES;
				SDKROOT = macosx;
				SWIFT_COMPILATION_MODE = wholemodule;
			};
			name = Release;
		};
		1A401C312AE81995003EB398 /* Debug */ = {
			isa = XCBuildConfiguration;
			buildSettings = {
				ASSETCATALOG_COMPILER_APPICON_NAME = AppIcon;
				ASSETCATALOG_COMPILER_GLOBAL_ACCENT_COLOR_NAME = AccentColor;
				CODE_SIGN_ENTITLEMENTS = MacIguana/MacIguana.entitlements;
				CODE_SIGN_STYLE = Automatic;
				COMBINE_HIDPI_IMAGES = YES;
				CURRENT_PROJECT_VERSION = 1;
				DEVELOPMENT_ASSET_PATHS = "\"MacIguana/Preview Content\"";
				DEVELOPMENT_TEAM = PFNS8PTRM7;
				ENABLE_HARDENED_RUNTIME = YES;
				ENABLE_PREVIEWS = YES;
				GENERATE_INFOPLIST_FILE = YES;
				INFOPLIST_FILE = MacIguana/Info.plist;
				INFOPLIST_KEY_LSApplicationCategoryType = "public.app-category.developer-tools";
				INFOPLIST_KEY_NSHumanReadableCopyright = "";
				LD_RUNPATH_SEARCH_PATHS = (
					"$(inherited)",
					"@executable_path/../Frameworks",
				);
				MARKETING_VERSION = 1.0;
				PRODUCT_BUNDLE_IDENTIFIER = com.unicornsonlsd.MacIguana;
				PRODUCT_NAME = "$(TARGET_NAME)";
				SWIFT_EMIT_LOC_STRINGS = YES;
				SWIFT_VERSION = 5.0;
			};
			name = Debug;
		};
		1A401C322AE81995003EB398 /* Release */ = {
			isa = XCBuildConfiguration;
			buildSettings = {
				ASSETCATALOG_COMPILER_APPICON_NAME = AppIcon;
				ASSETCATALOG_COMPILER_GLOBAL_ACCENT_COLOR_NAME = AccentColor;
				CODE_SIGN_ENTITLEMENTS = MacIguana/MacIguana.entitlements;
				CODE_SIGN_STYLE = Automatic;
				COMBINE_HIDPI_IMAGES = YES;
				CURRENT_PROJECT_VERSION = 1;
				DEVELOPMENT_ASSET_PATHS = "\"MacIguana/Preview Content\"";
				DEVELOPMENT_TEAM = PFNS8PTRM7;
				ENABLE_HARDENED_RUNTIME = YES;
				ENABLE_PREVIEWS = YES;
				GENERATE_INFOPLIST_FILE = YES;
				INFOPLIST_FILE = MacIguana/Info.plist;
				INFOPLIST_KEY_LSApplicationCategoryType = "public.app-category.developer-tools";
				INFOPLIST_KEY_NSHumanReadableCopyright = "";
				LD_RUNPATH_SEARCH_PATHS = (
					"$(inherited)",
					"@executable_path/../Frameworks",
				);
				MARKETING_VERSION = 1.0;
				PRODUCT_BUNDLE_IDENTIFIER = com.unicornsonlsd.MacIguana;
				PRODUCT_NAME = "$(TARGET_NAME)";
				SWIFT_EMIT_LOC_STRINGS = YES;
				SWIFT_VERSION = 5.0;
			};
			name = Release;
		};
/* End XCBuildConfiguration section */

/* Begin XCConfigurationList section */
		1A401C1C2AE81994003EB398 /* Build configuration list for PBXProject "MacIguana" */ = {
			isa = XCConfigurationList;
			buildConfigurations = (
				1A401C2E2AE81995003EB398 /* Debug */,
				1A401C2F2AE81995003EB398 /* Release */,
			);
			defaultConfigurationIsVisible = 0;
			defaultConfigurationName = Release;
		};
		1A401C302AE81995003EB398 /* Build configuration list for PBXNativeTarget "MacIguana" */ = {
			isa = XCConfigurationList;
			buildConfigurations = (
				1A401C312AE81995003EB398 /* Debug */,
				1A401C322AE81995003EB398 /* Release */,
			);
			defaultConfigurationIsVisible = 0;
			defaultConfigurationName = Release;
		};
/* End XCConfigurationList section */

/* Begin XCRemoteSwiftPackageReference section */
		1A67BDFC2BB73ACC00868933 /* XCRemoteSwiftPackageReference "SwiftTerm" */ = {
			isa = XCRemoteSwiftPackageReference;
			repositoryURL = "https://github.com/migueldeicaza/SwiftTerm";
			requirement = {
				kind = revision;
				revision = 90c0cd9bd3b97ff9fdcbba478d7dd40c68ecea85;
			};
		};
		1A84188B2B9F1C59006CC42C /* XCRemoteSwiftPackageReference "libiguana-swift" */ = {
			isa = XCRemoteSwiftPackageReference;
			repositoryURL = "https://github.com/iguana-debugger/libiguana-swift";
			requirement = {
				branch = main;
				kind = branch;
			};
		};
/* End XCRemoteSwiftPackageReference section */

/* Begin XCSwiftPackageProductDependency section */
		1A12D2CA2B87C06600639258 /* Libiguana */ = {
			isa = XCSwiftPackageProductDependency;
			productName = Libiguana;
		};
		1A67BDFD2BB73ACC00868933 /* SwiftTerm */ = {
			isa = XCSwiftPackageProductDependency;
			package = 1A67BDFC2BB73ACC00868933 /* XCRemoteSwiftPackageReference "SwiftTerm" */;
			productName = SwiftTerm;
		};
		1A8418892B9F1BF8006CC42C /* Libiguana */ = {
			isa = XCSwiftPackageProductDependency;
			productName = Libiguana;
		};
		1A84188C2B9F1C59006CC42C /* Libiguana */ = {
			isa = XCSwiftPackageProductDependency;
			package = 1A84188B2B9F1C59006CC42C /* XCRemoteSwiftPackageReference "libiguana-swift" */;
			productName = Libiguana;
		};
		1AFCEA832B86219C000FE4C1 /* Libiguana */ = {
			isa = XCSwiftPackageProductDependency;
			productName = Libiguana;
		};
		1AFCEA862B86235D000FE4C1 /* Libiguana */ = {
			isa = XCSwiftPackageProductDependency;
			productName = Libiguana;
		};
		1AFCEA8C2B86292A000FE4C1 /* Libiguana */ = {
			isa = XCSwiftPackageProductDependency;
			productName = Libiguana;
		};
		1AFCEA8F2B862966000FE4C1 /* Libiguana */ = {
			isa = XCSwiftPackageProductDependency;
			productName = Libiguana;
		};
/* End XCSwiftPackageProductDependency section */
	};
	rootObject = 1A401C192AE81994003EB398 /* Project object */;
}
