{
  "originHash" : "c2ab5f1f71fb689a02d300883a91b9f46608f94b7f6a105c77339be57eb5ed82",
  "pins" : [
    {
      "identity" : "libiguana-swift",
      "kind" : "remoteSourceControl",
      "location" : "https://github.com/iguana-debugger/libiguana-swift",
      "state" : {
        "branch" : "main",
        "revision" : "105b8d61b3d6bd061ea339802d640afb922232a0"
      }
    },
    {
      "identity" : "swiftterm",
      "kind" : "remoteSourceControl",
      "location" : "https://github.com/migueldeicaza/SwiftTerm",
      "state" : {
        "revision" : "90c0cd9bd3b97ff9fdcbba478d7dd40c68ecea85"
      }
    }
  ],
  "version" : 3
}
